
Microsoft Visual Studio Solution File, Format Version 12.00
# Visual Studio Version 16
VisualStudioVersion = 16.0.30907.101
MinimumVisualStudioVersion = 10.0.40219.1
Project("{FAE04EC0-301F-11D3-BF4B-00C04F79EFBC}") = "ClassMethodDemo", "ClassMethodDemo\ClassMethodDemo.csproj", "{28F9BFC8-94D5-45F2-A907-31A8510BA11F}"
EndProject
Global
	GlobalSection(SolutionConfigurationPlatforms) = preSolution
		Debug|Any CPU = Debug|Any CPU
		Release|Any CPU = Release|Any CPU
	EndGlobalSection
	GlobalSection(ProjectConfigurationPlatforms) = postSolution
		{28F9BFC8-94D5-45F2-A907-31A8510BA11F}.Debug|Any CPU.ActiveCfg = Debug|Any CPU
		{28F9BFC8-94D5-45F2-A907-31A8510BA11F}.Debug|Any CPU.Build.0 = Debug|Any CPU
		{28F9BFC8-94D5-45F2-A907-31A8510BA11F}.Release|Any CPU.ActiveCfg = Release|Any CPU
		{28F9BFC8-94D5-45F2-A907-31A8510BA11F}.Release|Any CPU.Build.0 = Release|Any CPU
	EndGlobalSection
	GlobalSection(SolutionProperties) = preSolution
		HideSolutionNode = FALSE
	EndGlobalSection
	GlobalSection(ExtensibilityGlobals) = postSolution
		SolutionGuid = {B9054C92-A820-490D-8CC3-B6E0679A2645}
	EndGlobalSection
EndGlobal
